
Microsoft Visual Studio Solution File, Format Version 12.00
# Visual Studio Version 17
VisualStudioVersion = 17.4.33110.190
MinimumVisualStudioVersion = 10.0.40219.1
Project("{FAE04EC0-301F-11D3-BF4B-00C04F79EFBC}") = "Симулятор жизни", "Симулятор жизни\Симулятор жизни.csproj", "{928230A3-DB04-47A5-86FE-0BE1A5EEBB9C}"
EndProject
Global
	GlobalSection(SolutionConfigurationPlatforms) = preSolution
		Debug|Any CPU = Debug|Any CPU
		Release|Any CPU = Release|Any CPU
	EndGlobalSection
	GlobalSection(ProjectConfigurationPlatforms) = postSolution
		{928230A3-DB04-47A5-86FE-0BE1A5EEBB9C}.Debug|Any CPU.ActiveCfg = Debug|Any CPU
		{928230A3-DB04-47A5-86FE-0BE1A5EEBB9C}.Debug|Any CPU.Build.0 = Debug|Any CPU
		{928230A3-DB04-47A5-86FE-0BE1A5EEBB9C}.Release|Any CPU.ActiveCfg = Release|Any CPU
		{928230A3-DB04-47A5-86FE-0BE1A5EEBB9C}.Release|Any CPU.Build.0 = Release|Any CPU
	EndGlobalSection
	GlobalSection(SolutionProperties) = preSolution
		HideSolutionNode = FALSE
	EndGlobalSection
	GlobalSection(ExtensibilityGlobals) = postSolution
		SolutionGuid = {3C2DFBA8-37B7-4A1F-9271-00FC8A562B9D}
	EndGlobalSection
EndGlobal
